# THIS IS AN AUTOGENERATED FILE. DO NOT EDIT THIS FILE DIRECTLY.
# yarn lockfile v1


"@inquirer/checkbox@^4.0.1":
  version "4.0.1"
  resolved "https://registry.yarnpkg.com/@inquirer/checkbox/-/checkbox-4.0.1.tgz#adf127d4fe161a939a1d8cafee25e50d878d1184"
  integrity sha512-ehJjmNPdguajc1hStvjN7DJNVjwG5LC1mgGMGFjCmdkn2fxB2GtULftMnlaqNmvMdPpqdaSoOFpl86VkLtG4pQ==
  dependencies:
    "@inquirer/core" "^10.0.1"
    "@inquirer/figures" "^1.0.7"
    "@inquirer/type" "^3.0.0"
    ansi-escapes "^4.3.2"
    yoctocolors-cjs "^2.1.2"

"@inquirer/confirm@^5.0.1":
  version "5.0.1"
  resolved "https://registry.yarnpkg.com/@inquirer/confirm/-/confirm-5.0.1.tgz#35e0aa0f9fdaadee3acb1c42024e707af308fced"
  integrity sha512-6ycMm7k7NUApiMGfVc32yIPp28iPKxhGRMqoNDiUjq2RyTAkbs5Fx0TdzBqhabcKvniDdAAvHCmsRjnNfTsogw==
  dependencies:
    "@inquirer/core" "^10.0.1"
    "@inquirer/type" "^3.0.0"

"@inquirer/core@^10.0.1":
  version "10.0.1"
  resolved "https://registry.yarnpkg.com/@inquirer/core/-/core-10.0.1.tgz#22068da87d8f6317452172dfd521e811ccbcb90e"
  integrity sha512-KKTgjViBQUi3AAssqjUFMnMO3CM3qwCHvePV9EW+zTKGKafFGFF01sc1yOIYjLJ7QU52G/FbzKc+c01WLzXmVQ==
  dependencies:
    "@inquirer/figures" "^1.0.7"
    "@inquirer/type" "^3.0.0"
    ansi-escapes "^4.3.2"
    cli-width "^4.1.0"
    mute-stream "^2.0.0"
    signal-exit "^4.1.0"
    strip-ansi "^6.0.1"
    wrap-ansi "^6.2.0"
    yoctocolors-cjs "^2.1.2"

"@inquirer/editor@^4.0.1":
  version "4.0.1"
  resolved "https://registry.yarnpkg.com/@inquirer/editor/-/editor-4.0.1.tgz#5db61ad3f1ce1b468b4b353d661787dcfa52a3a3"
  integrity sha512-qAHHJ6hs343eNtCKgV2wV5CImFxYG8J1pl/YCeI5w9VoW7QpulRUU26+4NsMhjR6zDRjKBsH/rRjCIcaAOHsrg==
  dependencies:
    "@inquirer/core" "^10.0.1"
    "@inquirer/type" "^3.0.0"
    external-editor "^3.1.0"

"@inquirer/expand@^4.0.1":
  version "4.0.1"
  resolved "https://registry.yarnpkg.com/@inquirer/expand/-/expand-4.0.1.tgz#e699d53c62312f097333208bb6ad777036438536"
  integrity sha512-9anjpdc802YInXekwePsa5LWySzVMHbhVS6v6n5IJxrl8w09mODOeP69wZ1d0WrOvot2buQSmYp4lW/pq8y+zQ==
  dependencies:
    "@inquirer/core" "^10.0.1"
    "@inquirer/type" "^3.0.0"
    yoctocolors-cjs "^2.1.2"

"@inquirer/figures@^1.0.7":
  version "1.0.7"
  resolved "https://registry.yarnpkg.com/@inquirer/figures/-/figures-1.0.7.tgz#d050ccc0eabfacc0248c4ff647a9dfba1b01594b"
  integrity sha512-m+Trk77mp54Zma6xLkLuY+mvanPxlE4A7yNKs2HBiyZ4UkVs28Mv5c/pgWrHeInx+USHeX/WEPzjrWrcJiQgjw==

"@inquirer/input@^4.0.1":
  version "4.0.1"
  resolved "https://registry.yarnpkg.com/@inquirer/input/-/input-4.0.1.tgz#7b676aad726e8a3baf3793cf1e9cec665a815a2b"
  integrity sha512-m+SliZ2m43cDRIpAdQxfv5QOeAQCuhS8TGLvtzEP1An4IH1kBES4RLMRgE/fC+z29aN8qYG8Tq/eXQQKTYwqAg==
  dependencies:
    "@inquirer/core" "^10.0.1"
    "@inquirer/type" "^3.0.0"

"@inquirer/number@^3.0.1":
  version "3.0.1"
  resolved "https://registry.yarnpkg.com/@inquirer/number/-/number-3.0.1.tgz#21666eff686c9f97396d23ae58f62d244d6338d6"
  integrity sha512-gF3erqfm0snpwBjbyKXUUe17QJ7ebm49btXApajrM0rgCCoYX0o9W5NCuYNae87iPxaIJVjtuoQ42DX32IdbMA==
  dependencies:
    "@inquirer/core" "^10.0.1"
    "@inquirer/type" "^3.0.0"

"@inquirer/password@^4.0.1":
  version "4.0.1"
  resolved "https://registry.yarnpkg.com/@inquirer/password/-/password-4.0.1.tgz#22f47e9a40255c2244eb57aeeeee76b6642759c5"
  integrity sha512-D7zUuX4l4ZpL3D7/SWu9ibijP09jigwHi/gfUHLx5GMS5oXzuMfPV2xPMG1tskco4enTx70HA0VtMXecerpvbg==
  dependencies:
    "@inquirer/core" "^10.0.1"
    "@inquirer/type" "^3.0.0"
    ansi-escapes "^4.3.2"

"@inquirer/prompts@^7.0.1":
  version "7.0.1"
  resolved "https://registry.yarnpkg.com/@inquirer/prompts/-/prompts-7.0.1.tgz#089dbb83b34a6f68a515d77ad7f9f0a42b4ba758"
  integrity sha512-cu2CpGC2hz7WTt2VBvdkzahDvYice6vYA/8Dm7Fy3tRNzKuQTF2EY3CV4H2GamveWE6tA2XzyXtbWX8+t4WMQg==
  dependencies:
    "@inquirer/checkbox" "^4.0.1"
    "@inquirer/confirm" "^5.0.1"
    "@inquirer/editor" "^4.0.1"
    "@inquirer/expand" "^4.0.1"
    "@inquirer/input" "^4.0.1"
    "@inquirer/number" "^3.0.1"
    "@inquirer/password" "^4.0.1"
    "@inquirer/rawlist" "^4.0.1"
    "@inquirer/search" "^3.0.1"
    "@inquirer/select" "^4.0.1"

"@inquirer/rawlist@^4.0.1":
  version "4.0.1"
  resolved "https://registry.yarnpkg.com/@inquirer/rawlist/-/rawlist-4.0.1.tgz#3f3a46881c0b50dc8361ec9add14b38568bc34c8"
  integrity sha512-0LuMOgaWs7W8JNcbiKkoFwyWFDEeCmLqDCygF0hidQUVa6J5grFVRZxrpompiWDFM49Km2rf7WoZwRo1uf1yWQ==
  dependencies:
    "@inquirer/core" "^10.0.1"
    "@inquirer/type" "^3.0.0"
    yoctocolors-cjs "^2.1.2"

"@inquirer/search@^3.0.1":
  version "3.0.1"
  resolved "https://registry.yarnpkg.com/@inquirer/search/-/search-3.0.1.tgz#68a4d23f6fca5a8eb99a61a72f74dc6b193be20a"
  integrity sha512-ehMqjiO0pAf+KtdONKeCLVy4i3fy3feyRRhDrvzWhiwB8JccgKn7eHFr39l+Nx/FaZAhr0YxIJvkK5NuNvG+Ww==
  dependencies:
    "@inquirer/core" "^10.0.1"
    "@inquirer/figures" "^1.0.7"
    "@inquirer/type" "^3.0.0"
    yoctocolors-cjs "^2.1.2"

"@inquirer/select@^4.0.1":
  version "4.0.1"
  resolved "https://registry.yarnpkg.com/@inquirer/select/-/select-4.0.1.tgz#fb651f0e0fb7da1256cc75a399dc2ac72a7f7df4"
  integrity sha512-tVRatFRGU49bxFCKi/3P+C0E13KZduNFbWuHWRx0L2+jbiyKRpXgHp9qiRHWRk/KarhYBXzH/di6w3VQ5aJd5w==
  dependencies:
    "@inquirer/core" "^10.0.1"
    "@inquirer/figures" "^1.0.7"
    "@inquirer/type" "^3.0.0"
    ansi-escapes "^4.3.2"
    yoctocolors-cjs "^2.1.2"

"@inquirer/type@^3.0.0":
  version "3.0.0"
  resolved "https://registry.yarnpkg.com/@inquirer/type/-/type-3.0.0.tgz#1762ebe667ec1d838012b20bf0cf90b841ba68bc"
  integrity sha512-YYykfbw/lefC7yKj7nanzQXILM7r3suIvyFlCcMskc99axmsSewXWkAfXKwMbgxL76iAFVmRwmYdwNZNc8gjog==

ansi-escapes@^4.3.2:
  version "4.3.2"
  resolved "https://registry.yarnpkg.com/ansi-escapes/-/ansi-escapes-4.3.2.tgz#6b2291d1db7d98b6521d5f1efa42d0f3a9feb65e"
  integrity sha512-gKXj5ALrKWQLsYG9jlTRmR/xKluxHV+Z9QEwNIgCfM1/uwPMCuzVVnh5mwTd+OuBZcwSIMbqssNWRm1lE51QaQ==
  dependencies:
    type-fest "^0.21.3"

ansi-regex@^5.0.1:
  version "5.0.1"
  resolved "https://registry.yarnpkg.com/ansi-regex/-/ansi-regex-5.0.1.tgz#082cb2c89c9fe8659a311a53bd6a4dc5301db304"
  integrity sha512-quJQXlTSUGL2LH9SUXo8VwsY4soanhgo6LNSm84E1LBcE8s3O0wpdiRzyR9z/ZZJMlMWv37qOOb9pdJlMUEKFQ==

ansi-styles@^4.0.0:
  version "4.3.0"
  resolved "https://registry.yarnpkg.com/ansi-styles/-/ansi-styles-4.3.0.tgz#edd803628ae71c04c85ae7a0906edad34b648937"
  integrity sha512-zbB9rCJAT1rbjiVDb2hqKFHNYLxgtk8NURxZ3IZwD3F6NtxbXZQCnnSi1Lkx+IDohdPlFp222wVALIheZJQSEg==
  dependencies:
    color-convert "^2.0.1"

chalk@^5.3.0:
  version "5.3.0"
  resolved "https://registry.yarnpkg.com/chalk/-/chalk-5.3.0.tgz#67c20a7ebef70e7f3970a01f90fa210cb6860385"
  integrity sha512-dLitG79d+GV1Nb/VYcCDFivJeK1hiukt9QjRNVOsUtTy1rR1YJsmpGGTZ3qJos+uw7WmWF4wUwBd9jxjocFC2w==

chardet@^0.7.0:
  version "0.7.0"
  resolved "https://registry.yarnpkg.com/chardet/-/chardet-0.7.0.tgz#90094849f0937f2eedc2425d0d28a9e5f0cbad9e"
  integrity sha512-mT8iDcrh03qDGRRmoA2hmBJnxpllMR+0/0qlzjqZES6NdiWDcZkCNAk4rPFZ9Q85r27unkiNNg8ZOiwZXBHwcA==

cli-width@^4.1.0:
  version "4.1.0"
  resolved "https://registry.yarnpkg.com/cli-width/-/cli-width-4.1.0.tgz#42daac41d3c254ef38ad8ac037672130173691c5"
  integrity sha512-ouuZd4/dm2Sw5Gmqy6bGyNNNe1qt9RpmxveLSO7KcgsTnU7RXfsw+/bukWGo1abgBiMAic068rclZsO4IWmmxQ==

color-convert@^2.0.1:
  version "2.0.1"
  resolved "https://registry.yarnpkg.com/color-convert/-/color-convert-2.0.1.tgz#72d3a68d598c9bdb3af2ad1e84f21d896abd4de3"
  integrity sha512-RRECPsj7iu/xb5oKYcsFHSppFNnsj/52OVTRKb4zP5onXwVF3zVmmToNcOfGC+CRDpfK/U584fMg38ZHCaElKQ==
  dependencies:
    color-name "~1.1.4"

color-name@~1.1.4:
  version "1.1.4"
  resolved "https://registry.yarnpkg.com/color-name/-/color-name-1.1.4.tgz#c2a09a87acbde69543de6f63fa3995c826c536a2"
  integrity sha512-dOy+3AuW3a2wNbZHIuMZpTcgjGuLU/uBL/ubcZF9OXbDo8ff4O8yVp5Bf0efS8uEoYo5q4Fx7dY9OgQGXgAsQA==

commander@^12.1.0:
  version "12.1.0"
  resolved "https://registry.yarnpkg.com/commander/-/commander-12.1.0.tgz#01423b36f501259fdaac4d0e4d60c96c991585d3"
  integrity sha512-Vw8qHK3bZM9y/P10u3Vib8o/DdkvA2OtPtZvD871QKjy74Wj1WSKFILMPRPSdUSx5RFK1arlJzEtA4PkFgnbuA==

emoji-regex@^8.0.0:
  version "8.0.0"
  resolved "https://registry.yarnpkg.com/emoji-regex/-/emoji-regex-8.0.0.tgz#e818fd69ce5ccfcb404594f842963bf53164cc37"
  integrity sha512-MSjYzcWNOA0ewAHpz0MxpYFvwg6yjy1NG3xteoqz644VCo/RPgnr1/GGt+ic3iJTzQ8Eu3TdM14SawnVUmGE6A==

external-editor@^3.1.0:
  version "3.1.0"
  resolved "https://registry.yarnpkg.com/external-editor/-/external-editor-3.1.0.tgz#cb03f740befae03ea4d283caed2741a83f335495"
  integrity sha512-hMQ4CX1p1izmuLYyZqLMO/qGNw10wSv9QDCPfzXfyFrOaCSSoRfqE1Kf1s5an66J5JZC62NewG+mK49jOCtQew==
  dependencies:
    chardet "^0.7.0"
    iconv-lite "^0.4.24"
    tmp "^0.0.33"

fs-extra@^11.2.0:
  version "11.2.0"
  resolved "https://registry.yarnpkg.com/fs-extra/-/fs-extra-11.2.0.tgz#e70e17dfad64232287d01929399e0ea7c86b0e5b"
  integrity sha512-PmDi3uwK5nFuXh7XDTlVnS17xJS7vW36is2+w3xcv8SVxiB4NyATf4ctkVY5bkSjX0Y4nbvZCq1/EjtEyr9ktw==
  dependencies:
    graceful-fs "^4.2.0"
    jsonfile "^6.0.1"
    universalify "^2.0.0"

graceful-fs@^4.1.6, graceful-fs@^4.2.0:
  version "4.2.11"
  resolved "https://registry.yarnpkg.com/graceful-fs/-/graceful-fs-4.2.11.tgz#4183e4e8bf08bb6e05bbb2f7d2e0c8f712ca40e3"
  integrity sha512-RbJ5/jmFcNNCcDV5o9eTnBLJ/HszWV0P73bc+Ff4nS/rJj+YaS6IGyiOL0VoBYX+l1Wrl3k63h/KrH+nhJ0XvQ==

iconv-lite@^0.4.24:
  version "0.4.24"
  resolved "https://registry.yarnpkg.com/iconv-lite/-/iconv-lite-0.4.24.tgz#2022b4b25fbddc21d2f524974a474aafe733908b"
  integrity sha512-v3MXnZAcvnywkTUEZomIActle7RXXeedOR31wwl7VlyoXO4Qi9arvSenNQWne1TcRwhCL1HwLI21bEqdpj8/rA==
  dependencies:
    safer-buffer ">= 2.1.2 < 3"

is-fullwidth-code-point@^3.0.0:
  version "3.0.0"
  resolved "https://registry.yarnpkg.com/is-fullwidth-code-point/-/is-fullwidth-code-point-3.0.0.tgz#f116f8064fe90b3f7844a38997c0b75051269f1d"
  integrity sha512-zymm5+u+sCsSWyD9qNaejV3DFvhCKclKdizYaJUuHA83RLjb7nSuGnddCHGv0hk+KY7BMAlsWeK4Ueg6EV6XQg==

jsonfile@^6.0.1:
  version "6.1.0"
  resolved "https://registry.yarnpkg.com/jsonfile/-/jsonfile-6.1.0.tgz#bc55b2634793c679ec6403094eb13698a6ec0aae"
  integrity sha512-5dgndWOriYSm5cnYaJNhalLNDKOqFwyDB/rr1E9ZsGciGvKPs8R2xYGCacuf3z6K1YKDz182fd+fY3cn3pMqXQ==
  dependencies:
    universalify "^2.0.0"
  optionalDependencies:
    graceful-fs "^4.1.6"

mute-stream@^2.0.0:
  version "2.0.0"
  resolved "https://registry.yarnpkg.com/mute-stream/-/mute-stream-2.0.0.tgz#a5446fc0c512b71c83c44d908d5c7b7b4c493b2b"
  integrity sha512-WWdIxpyjEn+FhQJQQv9aQAYlHoNVdzIzUySNV1gHUPDSdZJ3yZn7pAAbQcV7B56Mvu881q9FZV+0Vx2xC44VWA==

os-tmpdir@~1.0.2:
  version "1.0.2"
  resolved "https://registry.yarnpkg.com/os-tmpdir/-/os-tmpdir-1.0.2.tgz#bbe67406c79aa85c5cfec766fe5734555dfa1274"
  integrity sha512-D2FR03Vir7FIu45XBY20mTb+/ZSWB00sjU9jdQXt83gDrI4Ztz5Fs7/yy74g2N5SVQY4xY1qDr4rNddwYRVX0g==

prettier@^3.3.3:
  version "3.3.3"
  resolved "https://registry.yarnpkg.com/prettier/-/prettier-3.3.3.tgz#30c54fe0be0d8d12e6ae61dbb10109ea00d53105"
  integrity sha512-i2tDNA0O5IrMO757lfrdQZCc2jPNDVntV0m/+4whiDfWaTKfMNgR7Qz0NAeGz/nRqF4m5/6CLzbP4/liHt12Ew==

"safer-buffer@>= 2.1.2 < 3":
  version "2.1.2"
  resolved "https://registry.yarnpkg.com/safer-buffer/-/safer-buffer-2.1.2.tgz#44fa161b0187b9549dd84bb91802f9bd8385cd6a"
  integrity sha512-YZo3K82SD7Riyi0E1EQPojLz7kpepnSQI9IyPbHHg1XXXevb5dJI7tpyN2ADxGcQbHG7vcyRHk0cbwqcQriUtg==

signal-exit@^4.1.0:
  version "4.1.0"
  resolved "https://registry.yarnpkg.com/signal-exit/-/signal-exit-4.1.0.tgz#952188c1cbd546070e2dd20d0f41c0ae0530cb04"
  integrity sha512-bzyZ1e88w9O1iNJbKnOlvYTrWPDl46O1bG0D3XInv+9tkPrxrN8jUUTiFlDkkmKWgn1M6CfIA13SuGqOa9Korw==

string-width@^4.1.0:
  version "4.2.3"
  resolved "https://registry.yarnpkg.com/string-width/-/string-width-4.2.3.tgz#269c7117d27b05ad2e536830a8ec895ef9c6d010"
  integrity sha512-wKyQRQpjJ0sIp62ErSZdGsjMJWsap5oRNihHhu6G7JVO/9jIB6UyevL+tXuOqrng8j/cxKTWyWUwvSTriiZz/g==
  dependencies:
    emoji-regex "^8.0.0"
    is-fullwidth-code-point "^3.0.0"
    strip-ansi "^6.0.1"

strip-ansi@^6.0.0, strip-ansi@^6.0.1:
  version "6.0.1"
  resolved "https://registry.yarnpkg.com/strip-ansi/-/strip-ansi-6.0.1.tgz#9e26c63d30f53443e9489495b2105d37b67a85d9"
  integrity sha512-Y38VPSHcqkFrCpFnQ9vuSXmquuv5oXOKpGeT6aGrr3o3Gc9AlVa6JBfUSOCnbxGGZF+/0ooI7KrPuUSztUdU5A==
  dependencies:
    ansi-regex "^5.0.1"

tmp@^0.0.33:
  version "0.0.33"
  resolved "https://registry.yarnpkg.com/tmp/-/tmp-0.0.33.tgz#6d34335889768d21b2bcda0aa277ced3b1bfadf9"
  integrity sha512-jRCJlojKnZ3addtTOjdIqoRuPEKBvNXcGYqzO6zWZX8KfKEpnGY5jfggJQ3EjKuu8D4bJRr0y+cYJFmYbImXGw==
  dependencies:
    os-tmpdir "~1.0.2"

type-fest@^0.21.3:
  version "0.21.3"
  resolved "https://registry.yarnpkg.com/type-fest/-/type-fest-0.21.3.tgz#d260a24b0198436e133fa26a524a6d65fa3b2e37"
  integrity sha512-t0rzBq87m3fVcduHDUFhKmyyX+9eo6WQjZvf51Ea/M0Q7+T374Jp1aUiyUl0GKxp8M/OETVHSDvmkyPgvX+X2w==

universalify@^2.0.0:
  version "2.0.1"
  resolved "https://registry.yarnpkg.com/universalify/-/universalify-2.0.1.tgz#168efc2180964e6386d061e094df61afe239b18d"
  integrity sha512-gptHNQghINnc/vTGIk0SOFGFNXw7JVrlRUtConJRlvaw6DuX0wO5Jeko9sWrMBhh+PsYAZ7oXAiOnf/UKogyiw==

wrap-ansi@^6.2.0:
  version "6.2.0"
  resolved "https://registry.yarnpkg.com/wrap-ansi/-/wrap-ansi-6.2.0.tgz#e9393ba07102e6c91a3b221478f0257cd2856e53"
  integrity sha512-r6lPcBGxZXlIcymEu7InxDMhdW0KDxpLgoFLcguasxCaJ/SOIZwINatK9KY/tf+ZrlywOKU0UDj3ATXUBfxJXA==
  dependencies:
    ansi-styles "^4.0.0"
    string-width "^4.1.0"
    strip-ansi "^6.0.0"

yoctocolors-cjs@^2.1.2:
  version "2.1.2"
  resolved "https://registry.yarnpkg.com/yoctocolors-cjs/-/yoctocolors-cjs-2.1.2.tgz#f4b905a840a37506813a7acaa28febe97767a242"
  integrity sha512-cYVsTjKl8b+FrnidjibDWskAv7UKOfcwaVZdp/it9n1s9fU3IkgDbhdIRKCW4JDsAlECJY0ytoVPT3sK6kideA==
